// !$*UTF8*$!
{
	archiveVersion = 1;
	classes = {
	};
	objectVersion = 77;
	objects = {

/* Begin PBXBuildFile section */
		382FEFC32DDE7B2F00DA9511 /* GameList.swift in Sources */ = {isa = PBXBuildFile; fileRef = 382FEFC22DDE7B2F00DA9511 /* GameList.swift */; };
		382FEFC72DDE7C7C00DA9511 /* SortOption.swift in Sources */ = {isa = PBXBuildFile; fileRef = 382FEFC62DDE7C7C00DA9511 /* SortOption.swift */; };
		382FEFC92DDE885B00DA9511 /* Constants.swift in Sources */ = {isa = PBXBuildFile; fileRef = 382FEFC82DDE885B00DA9511 /* Constants.swift */; };
		3831BFBA2DFF2122009AE248 /* View+conditionalHapticFeedback.swift in Sources */ = {isa = PBXBuildFile; fileRef = 3831BFB92DFF2122009AE248 /* View+conditionalHapticFeedback.swift */; };
		3831BFBC2DFF45DF009AE248 /* KeyboardWrapper.swift in Sources */ = {isa = PBXBuildFile; fileRef = 3831BFBB2DFF45DF009AE248 /* KeyboardWrapper.swift */; };
		384380CA2DD26AC600860DC2 /* ContentView.swift in Sources */ = {isa = PBXBuildFile; fileRef = 384380C92DD26AC600860DC2 /* ContentView.swift */; };
		384380CE2DD2867B00860DC2 /* GamePreview.swift in Sources */ = {isa = PBXBuildFile; fileRef = 384380CD2DD2867B00860DC2 /* GamePreview.swift */; };
		384380F92DD29A1D00860DC2 /* SettingsView.swift in Sources */ = {isa = PBXBuildFile; fileRef = 384380F82DD29A1D00860DC2 /* SettingsView.swift */; };
		384380FD2DD2A95000860DC2 /* ElapsedTime.swift in Sources */ = {isa = PBXBuildFile; fileRef = 384380FC2DD2A95000860DC2 /* ElapsedTime.swift */; };
		384381012DD2B54800860DC2 /* isEnglishWord.swift in Sources */ = {isa = PBXBuildFile; fileRef = 384381002DD2B54100860DC2 /* isEnglishWord.swift */; };
		38451A182DBEC4D90097A60C /* GameView.swift in Sources */ = {isa = PBXBuildFile; fileRef = 38451A142DBEC4D90097A60C /* GameView.swift */; };
		38451A192DBEC4D90097A60C /* WorderooApp.swift in Sources */ = {isa = PBXBuildFile; fileRef = 38451A162DBEC4D90097A60C /* WorderooApp.swift */; };
		38451A1A2DBEC4D90097A60C /* Assets.xcassets in Resources */ = {isa = PBXBuildFile; fileRef = 38451A132DBEC4D90097A60C /* Assets.xcassets */; };
		38451A1C2DBEC54B0097A60C /* CodeView.swift in Sources */ = {isa = PBXBuildFile; fileRef = 38451A1B2DBEC54B0097A60C /* CodeView.swift */; };
		38451A1E2DBEC5610097A60C /* KeyboardView.swift in Sources */ = {isa = PBXBuildFile; fileRef = 38451A1D2DBEC5610097A60C /* KeyboardView.swift */; };
		38451A212DBEC5AF0097A60C /* KeyView.swift in Sources */ = {isa = PBXBuildFile; fileRef = 38451A202DBEC5AF0097A60C /* KeyView.swift */; };
		38451A3C2DBEC7C70097A60C /* UIExtensions.swift in Sources */ = {isa = PBXBuildFile; fileRef = 38451A3B2DBEC7C50097A60C /* UIExtensions.swift */; };
		38451A3E2DBEC93C0097A60C /* Styles.swift in Sources */ = {isa = PBXBuildFile; fileRef = 38451A3D2DBEC93A0097A60C /* Styles.swift */; };
		38451A462DBECEEE0097A60C /* Game.swift in Sources */ = {isa = PBXBuildFile; fileRef = 38451A452DBECEEE0097A60C /* Game.swift */; };
		38451A4A2DBECF480097A60C /* Plan.md in Resources */ = {isa = PBXBuildFile; fileRef = 38451A492DBECF480097A60C /* Plan.md */; };
		38451A4D2DBECFC20097A60C /* Status.swift in Sources */ = {isa = PBXBuildFile; fileRef = 38451A4C2DBECFC20097A60C /* Status.swift */; };
		38451A4F2DBED0600097A60C /* Code.swift in Sources */ = {isa = PBXBuildFile; fileRef = 38451A4E2DBED0600097A60C /* Code.swift */; };
		38451A522DBED06C0097A60C /* Character.swift in Sources */ = {isa = PBXBuildFile; fileRef = 38451A512DBED06C0097A60C /* Character.swift */; };
		38451A552DBED12B0097A60C /* StringToCharacters.swift in Sources */ = {isa = PBXBuildFile; fileRef = 38451A542DBED12B0097A60C /* StringToCharacters.swift */; };
		38451A592DBED3F30097A60C /* CharacterView.swift in Sources */ = {isa = PBXBuildFile; fileRef = 38451A582DBED3F30097A60C /* CharacterView.swift */; };
		385C4FA62DFB097D00FF647F /* CloseIcon.swift in Sources */ = {isa = PBXBuildFile; fileRef = 385C4FA52DFB097D00FF647F /* CloseIcon.swift */; };
		385C4FA82DFB1A7F00FF647F /* MasterWordChoices.swift in Sources */ = {isa = PBXBuildFile; fileRef = 385C4FA72DFB1A7F00FF647F /* MasterWordChoices.swift */; };
		385DC5B52DDE4C2600481E53 /* Kind.swift in Sources */ = {isa = PBXBuildFile; fileRef = 385DC5B42DDE4C2600481E53 /* Kind.swift */; };
		386F1FA82DC2B83100C795A2 /* Settings.swift in Sources */ = {isa = PBXBuildFile; fileRef = 386F1FA72DC2B83100C795A2 /* Settings.swift */; };
		386F1FAA2DC2CCFE00C795A2 /* Used to find shortest and longest.js in Resources */ = {isa = PBXBuildFile; fileRef = 386F1FA92DC2CCF600C795A2 /* Used to find shortest and longest.js */; };
/* End PBXBuildFile section */

/* Begin PBXFileReference section */
		382FEFC22DDE7B2F00DA9511 /* GameList.swift */ = {isa = PBXFileReference; lastKnownFileType = sourcecode.swift; path = GameList.swift; sourceTree = "<group>"; };
		382FEFC62DDE7C7C00DA9511 /* SortOption.swift */ = {isa = PBXFileReference; lastKnownFileType = sourcecode.swift; path = SortOption.swift; sourceTree = "<group>"; };
		382FEFC82DDE885B00DA9511 /* Constants.swift */ = {isa = PBXFileReference; lastKnownFileType = sourcecode.swift; path = Constants.swift; sourceTree = "<group>"; };
		3831BFB92DFF2122009AE248 /* View+conditionalHapticFeedback.swift */ = {isa = PBXFileReference; lastKnownFileType = sourcecode.swift; path = "View+conditionalHapticFeedback.swift"; sourceTree = "<group>"; };
		3831BFBB2DFF45DF009AE248 /* KeyboardWrapper.swift */ = {isa = PBXFileReference; lastKnownFileType = sourcecode.swift; path = KeyboardWrapper.swift; sourceTree = "<group>"; };
		384380C92DD26AC600860DC2 /* ContentView.swift */ = {isa = PBXFileReference; lastKnownFileType = sourcecode.swift; path = ContentView.swift; sourceTree = "<group>"; };
		384380CD2DD2867B00860DC2 /* GamePreview.swift */ = {isa = PBXFileReference; lastKnownFileType = sourcecode.swift; path = GamePreview.swift; sourceTree = "<group>"; };
		384380F82DD29A1D00860DC2 /* SettingsView.swift */ = {isa = PBXFileReference; lastKnownFileType = sourcecode.swift; path = SettingsView.swift; sourceTree = "<group>"; };
		384380FC2DD2A95000860DC2 /* ElapsedTime.swift */ = {isa = PBXFileReference; lastKnownFileType = sourcecode.swift; path = ElapsedTime.swift; sourceTree = "<group>"; };
		384381002DD2B54100860DC2 /* isEnglishWord.swift */ = {isa = PBXFileReference; lastKnownFileType = sourcecode.swift; path = isEnglishWord.swift; sourceTree = "<group>"; };
		38451A042DBEC4C80097A60C /* Worderoo.app */ = {isa = PBXFileReference; explicitFileType = wrapper.application; includeInIndex = 0; path = Worderoo.app; sourceTree = BUILT_PRODUCTS_DIR; };
		38451A132DBEC4D90097A60C /* Assets.xcassets */ = {isa = PBXFileReference; lastKnownFileType = folder.assetcatalog; path = Assets.xcassets; sourceTree = "<group>"; };
		38451A142DBEC4D90097A60C /* GameView.swift */ = {isa = PBXFileReference; lastKnownFileType = sourcecode.swift; path = GameView.swift; sourceTree = "<group>"; };
		38451A152DBEC4D90097A60C /* Worderoo.entitlements */ = {isa = PBXFileReference; lastKnownFileType = text.plist.entitlements; path = Worderoo.entitlements; sourceTree = "<group>"; };
		38451A162DBEC4D90097A60C /* WorderooApp.swift */ = {isa = PBXFileReference; lastKnownFileType = sourcecode.swift; path = WorderooApp.swift; sourceTree = "<group>"; };
		38451A1B2DBEC54B0097A60C /* CodeView.swift */ = {isa = PBXFileReference; lastKnownFileType = sourcecode.swift; path = CodeView.swift; sourceTree = "<group>"; };
		38451A1D2DBEC5610097A60C /* KeyboardView.swift */ = {isa = PBXFileReference; lastKnownFileType = sourcecode.swift; path = KeyboardView.swift; sourceTree = "<group>"; };
		38451A202DBEC5AF0097A60C /* KeyView.swift */ = {isa = PBXFileReference; lastKnownFileType = sourcecode.swift; path = KeyView.swift; sourceTree = "<group>"; };
		38451A3B2DBEC7C50097A60C /* UIExtensions.swift */ = {isa = PBXFileReference; lastKnownFileType = sourcecode.swift; path = UIExtensions.swift; sourceTree = "<group>"; };
		38451A3D2DBEC93A0097A60C /* Styles.swift */ = {isa = PBXFileReference; lastKnownFileType = sourcecode.swift; path = Styles.swift; sourceTree = "<group>"; };
		38451A452DBECEEE0097A60C /* Game.swift */ = {isa = PBXFileReference; lastKnownFileType = sourcecode.swift; path = Game.swift; sourceTree = "<group>"; };
		38451A492DBECF480097A60C /* Plan.md */ = {isa = PBXFileReference; lastKnownFileType = net.daringfireball.markdown; path = Plan.md; sourceTree = "<group>"; };
		38451A4C2DBECFC20097A60C /* Status.swift */ = {isa = PBXFileReference; lastKnownFileType = sourcecode.swift; path = Status.swift; sourceTree = "<group>"; };
		38451A4E2DBED0600097A60C /* Code.swift */ = {isa = PBXFileReference; lastKnownFileType = sourcecode.swift; path = Code.swift; sourceTree = "<group>"; };
		38451A512DBED06C0097A60C /* Character.swift */ = {isa = PBXFileReference; lastKnownFileType = sourcecode.swift; path = Character.swift; sourceTree = "<group>"; };
		38451A542DBED12B0097A60C /* StringToCharacters.swift */ = {isa = PBXFileReference; lastKnownFileType = sourcecode.swift; path = StringToCharacters.swift; sourceTree = "<group>"; };
		38451A582DBED3F30097A60C /* CharacterView.swift */ = {isa = PBXFileReference; lastKnownFileType = sourcecode.swift; path = CharacterView.swift; sourceTree = "<group>"; };
		385C4FA52DFB097D00FF647F /* CloseIcon.swift */ = {isa = PBXFileReference; lastKnownFileType = sourcecode.swift; path = CloseIcon.swift; sourceTree = "<group>"; };
		385C4FA72DFB1A7F00FF647F /* MasterWordChoices.swift */ = {isa = PBXFileReference; lastKnownFileType = sourcecode.swift; path = MasterWordChoices.swift; sourceTree = "<group>"; };
		385DC5B42DDE4C2600481E53 /* Kind.swift */ = {isa = PBXFileReference; lastKnownFileType = sourcecode.swift; path = Kind.swift; sourceTree = "<group>"; };
		386F1FA72DC2B83100C795A2 /* Settings.swift */ = {isa = PBXFileReference; lastKnownFileType = sourcecode.swift; path = Settings.swift; sourceTree = "<group>"; };
		386F1FA92DC2CCF600C795A2 /* Used to find shortest and longest.js */ = {isa = PBXFileReference; lastKnownFileType = sourcecode.javascript; path = "Used to find shortest and longest.js"; sourceTree = "<group>"; };
		38CEB4BF2DC3123A000FDF34 /* Info.plist */ = {isa = PBXFileReference; lastKnownFileType = text.plist.xml; path = Info.plist; sourceTree = "<group>"; };
/* End PBXFileReference section */

/* Begin PBXFrameworksBuildPhase section */
		38451A012DBEC4C80097A60C /* Frameworks */ = {
			isa = PBXFrameworksBuildPhase;
			buildActionMask = 2147483647;
			files = (
			);
			runOnlyForDeploymentPostprocessing = 0;
		};
/* End PBXFrameworksBuildPhase section */

/* Begin PBXGroup section */
		3831BFB82DFF2110009AE248 /* Extensions */ = {
			isa = PBXGroup;
			children = (
				3831BFB92DFF2122009AE248 /* View+conditionalHapticFeedback.swift */,
			);
			path = Extensions;
			sourceTree = "<group>";
		};
		384380CB2DD2865200860DC2 /* Game */ = {
			isa = PBXGroup;
			children = (
				38451A142DBEC4D90097A60C /* GameView.swift */,
				38451A5D2DBF53010097A60C /* Codes */,
				38451A5C2DBF52F10097A60C /* Keyboard */,
				384380FC2DD2A95000860DC2 /* ElapsedTime.swift */,
			);
			path = Game;
			sourceTree = "<group>";
		};
		384380CC2DD2866A00860DC2 /* Game Picker */ = {
			isa = PBXGroup;
			children = (
				384380C92DD26AC600860DC2 /* ContentView.swift */,
				382FEFC62DDE7C7C00DA9511 /* SortOption.swift */,
				382FEFC22DDE7B2F00DA9511 /* GameList.swift */,
				384380CD2DD2867B00860DC2 /* GamePreview.swift */,
				382FEFC82DDE885B00DA9511 /* Constants.swift */,
			);
			path = "Game Picker";
			sourceTree = "<group>";
		};
		384380F72DD29A1300860DC2 /* Settings */ = {
			isa = PBXGroup;
			children = (
				384380F82DD29A1D00860DC2 /* SettingsView.swift */,
			);
			path = Settings;
			sourceTree = "<group>";
		};
		384519FB2DBEC4C80097A60C = {
			isa = PBXGroup;
			children = (
				38451A172DBEC4D90097A60C /* Worderoo */,
				38451A052DBEC4C80097A60C /* Products */,
			);
			sourceTree = "<group>";
		};
		38451A052DBEC4C80097A60C /* Products */ = {
			isa = PBXGroup;
			children = (
				38451A042DBEC4C80097A60C /* Worderoo.app */,
			);
			name = Products;
			sourceTree = "<group>";
		};
		38451A172DBEC4D90097A60C /* Worderoo */ = {
			isa = PBXGroup;
			children = (
				38451A162DBEC4D90097A60C /* WorderooApp.swift */,
				38451A3A2DBEC7BC0097A60C /* UI */,
				38451A412DBECE990097A60C /* Model */,
				385C4FA42DFB096600FF647F /* Components */,
				38451A532DBED1080097A60C /* Utils */,
				3831BFB82DFF2110009AE248 /* Extensions */,
				38CEB4BF2DC3123A000FDF34 /* Info.plist */,
				386F1FA92DC2CCF600C795A2 /* Used to find shortest and longest.js */,
				38451A132DBEC4D90097A60C /* Assets.xcassets */,
				38451A152DBEC4D90097A60C /* Worderoo.entitlements */,
			);
			path = Worderoo;
			sourceTree = "<group>";
		};
		38451A3A2DBEC7BC0097A60C /* UI */ = {
			isa = PBXGroup;
			children = (
				384380CC2DD2866A00860DC2 /* Game Picker */,
				384380F72DD29A1300860DC2 /* Settings */,
				384380CB2DD2865200860DC2 /* Game */,
			);
			path = UI;
			sourceTree = "<group>";
		};
		38451A412DBECE990097A60C /* Model */ = {
			isa = PBXGroup;
			children = (
				38451A492DBECF480097A60C /* Plan.md */,
				386F1FA72DC2B83100C795A2 /* Settings.swift */,
				38451A452DBECEEE0097A60C /* Game.swift */,
				38451A4E2DBED0600097A60C /* Code.swift */,
				38451A512DBED06C0097A60C /* Character.swift */,
				38451A4C2DBECFC20097A60C /* Status.swift */,
				385DC5B42DDE4C2600481E53 /* Kind.swift */,
			);
			path = Model;
			sourceTree = "<group>";
		};
		38451A532DBED1080097A60C /* Utils */ = {
			isa = PBXGroup;
			children = (
				384381002DD2B54100860DC2 /* isEnglishWord.swift */,
				38451A3B2DBEC7C50097A60C /* UIExtensions.swift */,
				38451A542DBED12B0097A60C /* StringToCharacters.swift */,
				38451A3D2DBEC93A0097A60C /* Styles.swift */,
				385C4FA72DFB1A7F00FF647F /* MasterWordChoices.swift */,
			);
			path = Utils;
			sourceTree = "<group>";
		};
		38451A5C2DBF52F10097A60C /* Keyboard */ = {
			isa = PBXGroup;
			children = (
				3831BFBB2DFF45DF009AE248 /* KeyboardWrapper.swift */,
				38451A1D2DBEC5610097A60C /* KeyboardView.swift */,
				38451A202DBEC5AF0097A60C /* KeyView.swift */,
			);
			path = Keyboard;
			sourceTree = "<group>";
		};
		38451A5D2DBF53010097A60C /* Codes */ = {
			isa = PBXGroup;
			children = (
				38451A1B2DBEC54B0097A60C /* CodeView.swift */,
				38451A582DBED3F30097A60C /* CharacterView.swift */,
			);
			path = Codes;
			sourceTree = "<group>";
		};
		385C4FA42DFB096600FF647F /* Components */ = {
			isa = PBXGroup;
			children = (
				385C4FA52DFB097D00FF647F /* CloseIcon.swift */,
			);
			path = Components;
			sourceTree = "<group>";
		};
/* End PBXGroup section */

/* Begin PBXNativeTarget section */
		38451A032DBEC4C80097A60C /* Worderoo */ = {
			isa = PBXNativeTarget;
			buildConfigurationList = 38451A102DBEC4CA0097A60C /* Build configuration list for PBXNativeTarget "Worderoo" */;
			buildPhases = (
				38451A002DBEC4C80097A60C /* Sources */,
				38451A012DBEC4C80097A60C /* Frameworks */,
				38451A022DBEC4C80097A60C /* Resources */,
			);
			buildRules = (
			);
			dependencies = (
			);
			name = Worderoo;
			packageProductDependencies = (
			);
			productName = Wordle;
			productReference = 38451A042DBEC4C80097A60C /* Worderoo.app */;
			productType = "com.apple.product-type.application";
		};
/* End PBXNativeTarget section */

/* Begin PBXProject section */
		384519FC2DBEC4C80097A60C /* Project object */ = {
			isa = PBXProject;
			attributes = {
				BuildIndependentTargetsInParallel = 1;
				LastSwiftUpdateCheck = 1630;
				LastUpgradeCheck = 1640;
				TargetAttributes = {
					38451A032DBEC4C80097A60C = {
						CreatedOnToolsVersion = 16.3;
					};
				};
			};
			buildConfigurationList = 384519FF2DBEC4C80097A60C /* Build configuration list for PBXProject "Worderoo" */;
			developmentRegion = en;
			hasScannedForEncodings = 0;
			knownRegions = (
				en,
				Base,
			);
			mainGroup = 384519FB2DBEC4C80097A60C;
			minimizedProjectReferenceProxies = 1;
			preferredProjectObjectVersion = 77;
			productRefGroup = 38451A052DBEC4C80097A60C /* Products */;
			projectDirPath = "";
			projectRoot = "";
			targets = (
				38451A032DBEC4C80097A60C /* Worderoo */,
			);
		};
/* End PBXProject section */

/* Begin PBXResourcesBuildPhase section */
		38451A022DBEC4C80097A60C /* Resources */ = {
			isa = PBXResourcesBuildPhase;
			buildActionMask = 2147483647;
			files = (
				386F1FAA2DC2CCFE00C795A2 /* Used to find shortest and longest.js in Resources */,
				38451A1A2DBEC4D90097A60C /* Assets.xcassets in Resources */,
				38451A4A2DBECF480097A60C /* Plan.md in Resources */,
			);
			runOnlyForDeploymentPostprocessing = 0;
		};
/* End PBXResourcesBuildPhase section */

/* Begin PBXSourcesBuildPhase section */
		38451A002DBEC4C80097A60C /* Sources */ = {
			isa = PBXSourcesBuildPhase;
			buildActionMask = 2147483647;
			files = (
				385C4FA82DFB1A7F00FF647F /* MasterWordChoices.swift in Sources */,
				38451A182DBEC4D90097A60C /* GameView.swift in Sources */,
				38451A4D2DBECFC20097A60C /* Status.swift in Sources */,
				38451A462DBECEEE0097A60C /* Game.swift in Sources */,
				384380F92DD29A1D00860DC2 /* SettingsView.swift in Sources */,
				382FEFC72DDE7C7C00DA9511 /* SortOption.swift in Sources */,
				3831BFBC2DFF45DF009AE248 /* KeyboardWrapper.swift in Sources */,
				382FEFC32DDE7B2F00DA9511 /* GameList.swift in Sources */,
				38451A522DBED06C0097A60C /* Character.swift in Sources */,
				38451A3E2DBEC93C0097A60C /* Styles.swift in Sources */,
				38451A1E2DBEC5610097A60C /* KeyboardView.swift in Sources */,
				384380FD2DD2A95000860DC2 /* ElapsedTime.swift in Sources */,
				385DC5B52DDE4C2600481E53 /* Kind.swift in Sources */,
				384381012DD2B54800860DC2 /* isEnglishWord.swift in Sources */,
				384380CA2DD26AC600860DC2 /* ContentView.swift in Sources */,
				38451A592DBED3F30097A60C /* CharacterView.swift in Sources */,
				38451A212DBEC5AF0097A60C /* KeyView.swift in Sources */,
				385C4FA62DFB097D00FF647F /* CloseIcon.swift in Sources */,
				38451A3C2DBEC7C70097A60C /* UIExtensions.swift in Sources */,
				38451A4F2DBED0600097A60C /* Code.swift in Sources */,
				3831BFBA2DFF2122009AE248 /* View+conditionalHapticFeedback.swift in Sources */,
				386F1FA82DC2B83100C795A2 /* Settings.swift in Sources */,
				38451A192DBEC4D90097A60C /* WorderooApp.swift in Sources */,
				38451A552DBED12B0097A60C /* StringToCharacters.swift in Sources */,
				38451A1C2DBEC54B0097A60C /* CodeView.swift in Sources */,
				384380CE2DD2867B00860DC2 /* GamePreview.swift in Sources */,
				382FEFC92DDE885B00DA9511 /* Constants.swift in Sources */,
			);
			runOnlyForDeploymentPostprocessing = 0;
		};
/* End PBXSourcesBuildPhase section */

/* Begin XCBuildConfiguration section */
		38451A0E2DBEC4CA0097A60C /* Debug */ = {
			isa = XCBuildConfiguration;
			buildSettings = {
				ALWAYS_SEARCH_USER_PATHS = NO;
				ASSETCATALOG_COMPILER_GENERATE_SWIFT_ASSET_SYMBOL_EXTENSIONS = YES;
				CLANG_ANALYZER_NONNULL = YES;
				CLANG_ANALYZER_NUMBER_OBJECT_CONVERSION = YES_AGGRESSIVE;
				CLANG_CXX_LANGUAGE_STANDARD = "gnu++20";
				CLANG_ENABLE_MODULES = YES;
				CLANG_ENABLE_OBJC_ARC = YES;
				CLANG_ENABLE_OBJC_WEAK = YES;
				CLANG_WARN_BLOCK_CAPTURE_AUTORELEASING = YES;
				CLANG_WARN_BOOL_CONVERSION = YES;
				CLANG_WARN_COMMA = YES;
				CLANG_WARN_CONSTANT_CONVERSION = YES;
				CLANG_WARN_DEPRECATED_OBJC_IMPLEMENTATIONS = YES;
				CLANG_WARN_DIRECT_OBJC_ISA_USAGE = YES_ERROR;
				CLANG_WARN_DOCUMENTATION_COMMENTS = YES;
				CLANG_WARN_EMPTY_BODY = YES;
				CLANG_WARN_ENUM_CONVERSION = YES;
				CLANG_WARN_INFINITE_RECURSION = YES;
				CLANG_WARN_INT_CONVERSION = YES;
				CLANG_WARN_NON_LITERAL_NULL_CONVERSION = YES;
				CLANG_WARN_OBJC_IMPLICIT_RETAIN_SELF = YES;
				CLANG_WARN_OBJC_LITERAL_CONVERSION = YES;
				CLANG_WARN_OBJC_ROOT_CLASS = YES_ERROR;
				CLANG_WARN_QUOTED_INCLUDE_IN_FRAMEWORK_HEADER = YES;
				CLANG_WARN_RANGE_LOOP_ANALYSIS = YES;
				CLANG_WARN_STRICT_PROTOTYPES = YES;
				CLANG_WARN_SUSPICIOUS_MOVE = YES;
				CLANG_WARN_UNGUARDED_AVAILABILITY = YES_AGGRESSIVE;
				CLANG_WARN_UNREACHABLE_CODE = YES;
				CLANG_WARN__DUPLICATE_METHOD_MATCH = YES;
				COPY_PHASE_STRIP = NO;
				DEAD_CODE_STRIPPING = YES;
				DEBUG_INFORMATION_FORMAT = dwarf;
				DEVELOPMENT_TEAM = GL5565HTUX;
				ENABLE_STRICT_OBJC_MSGSEND = YES;
				ENABLE_TESTABILITY = YES;
				ENABLE_USER_SCRIPT_SANDBOXING = YES;
				GCC_C_LANGUAGE_STANDARD = gnu17;
				GCC_DYNAMIC_NO_PIC = NO;
				GCC_NO_COMMON_BLOCKS = YES;
				GCC_OPTIMIZATION_LEVEL = 0;
				GCC_PREPROCESSOR_DEFINITIONS = (
					"DEBUG=1",
					"$(inherited)",
				);
				GCC_WARN_64_TO_32_BIT_CONVERSION = YES;
				GCC_WARN_ABOUT_RETURN_TYPE = YES_ERROR;
				GCC_WARN_UNDECLARED_SELECTOR = YES;
				GCC_WARN_UNINITIALIZED_AUTOS = YES_AGGRESSIVE;
				GCC_WARN_UNUSED_FUNCTION = YES;
				GCC_WARN_UNUSED_VARIABLE = YES;
				LOCALIZATION_PREFERS_STRING_CATALOGS = YES;
				MTL_ENABLE_DEBUG_INFO = INCLUDE_SOURCE;
				MTL_FAST_MATH = YES;
				ONLY_ACTIVE_ARCH = YES;
				SWIFT_ACTIVE_COMPILATION_CONDITIONS = "DEBUG $(inherited)";
				SWIFT_OPTIMIZATION_LEVEL = "-Onone";
			};
			name = Debug;
		};
		38451A0F2DBEC4CA0097A60C /* Release */ = {
			isa = XCBuildConfiguration;
			buildSettings = {
				ALWAYS_SEARCH_USER_PATHS = NO;
				ASSETCATALOG_COMPILER_GENERATE_SWIFT_ASSET_SYMBOL_EXTENSIONS = YES;
				CLANG_ANALYZER_NONNULL = YES;
				CLANG_ANALYZER_NUMBER_OBJECT_CONVERSION = YES_AGGRESSIVE;
				CLANG_CXX_LANGUAGE_STANDARD = "gnu++20";
				CLANG_ENABLE_MODULES = YES;
				CLANG_ENABLE_OBJC_ARC = YES;
				CLANG_ENABLE_OBJC_WEAK = YES;
				CLANG_WARN_BLOCK_CAPTURE_AUTORELEASING = YES;
				CLANG_WARN_BOOL_CONVERSION = YES;
				CLANG_WARN_COMMA = YES;
				CLANG_WARN_CONSTANT_CONVERSION = YES;
				CLANG_WARN_DEPRECATED_OBJC_IMPLEMENTATIONS = YES;
				CLANG_WARN_DIRECT_OBJC_ISA_USAGE = YES_ERROR;
				CLANG_WARN_DOCUMENTATION_COMMENTS = YES;
				CLANG_WARN_EMPTY_BODY = YES;
				CLANG_WARN_ENUM_CONVERSION = YES;
				CLANG_WARN_INFINITE_RECURSION = YES;
				CLANG_WARN_INT_CONVERSION = YES;
				CLANG_WARN_NON_LITERAL_NULL_CONVERSION = YES;
				CLANG_WARN_OBJC_IMPLICIT_RETAIN_SELF = YES;
				CLANG_WARN_OBJC_LITERAL_CONVERSION = YES;
				CLANG_WARN_OBJC_ROOT_CLASS = YES_ERROR;
				CLANG_WARN_QUOTED_INCLUDE_IN_FRAMEWORK_HEADER = YES;
				CLANG_WARN_RANGE_LOOP_ANALYSIS = YES;
				CLANG_WARN_STRICT_PROTOTYPES = YES;
				CLANG_WARN_SUSPICIOUS_MOVE = YES;
				CLANG_WARN_UNGUARDED_AVAILABILITY = YES_AGGRESSIVE;
				CLANG_WARN_UNREACHABLE_CODE = YES;
				CLANG_WARN__DUPLICATE_METHOD_MATCH = YES;
				COPY_PHASE_STRIP = NO;
				DEAD_CODE_STRIPPING = YES;
				DEBUG_INFORMATION_FORMAT = "dwarf-with-dsym";
				DEVELOPMENT_TEAM = GL5565HTUX;
				ENABLE_NS_ASSERTIONS = NO;
				ENABLE_STRICT_OBJC_MSGSEND = YES;
				ENABLE_USER_SCRIPT_SANDBOXING = YES;
				GCC_C_LANGUAGE_STANDARD = gnu17;
				GCC_NO_COMMON_BLOCKS = YES;
				GCC_WARN_64_TO_32_BIT_CONVERSION = YES;
				GCC_WARN_ABOUT_RETURN_TYPE = YES_ERROR;
				GCC_WARN_UNDECLARED_SELECTOR = YES;
				GCC_WARN_UNINITIALIZED_AUTOS = YES_AGGRESSIVE;
				GCC_WARN_UNUSED_FUNCTION = YES;
				GCC_WARN_UNUSED_VARIABLE = YES;
				LOCALIZATION_PREFERS_STRING_CATALOGS = YES;
				MTL_ENABLE_DEBUG_INFO = NO;
				MTL_FAST_MATH = YES;
				SWIFT_COMPILATION_MODE = wholemodule;
			};
			name = Release;
		};
		38451A112DBEC4CA0097A60C /* Debug */ = {
			isa = XCBuildConfiguration;
			buildSettings = {
				ASSETCATALOG_COMPILER_APPICON_NAME = AppIcon;
				ASSETCATALOG_COMPILER_GLOBAL_ACCENT_COLOR_NAME = AccentColor;
				CODE_SIGN_ENTITLEMENTS = Worderoo/Worderoo.entitlements;
				CODE_SIGN_STYLE = Automatic;
				CURRENT_PROJECT_VERSION = 7;
				DEAD_CODE_STRIPPING = YES;
				DEVELOPMENT_TEAM = GL5565HTUX;
				ENABLE_HARDENED_RUNTIME = YES;
				ENABLE_PREVIEWS = YES;
				GENERATE_INFOPLIST_FILE = YES;
				INFOPLIST_FILE = Worderoo/Info.plist;
				INFOPLIST_KEY_CFBundleDisplayName = Worderoo;
				INFOPLIST_KEY_ITSAppUsesNonExemptEncryption = NO;
				INFOPLIST_KEY_LSApplicationCategoryType = "public.app-category.word-games";
				"INFOPLIST_KEY_UIApplicationSceneManifest_Generation[sdk=iphoneos*]" = YES;
				"INFOPLIST_KEY_UIApplicationSceneManifest_Generation[sdk=iphonesimulator*]" = YES;
				"INFOPLIST_KEY_UIApplicationSupportsIndirectInputEvents[sdk=iphoneos*]" = YES;
				"INFOPLIST_KEY_UIApplicationSupportsIndirectInputEvents[sdk=iphonesimulator*]" = YES;
				"INFOPLIST_KEY_UILaunchScreen_Generation[sdk=iphoneos*]" = YES;
				"INFOPLIST_KEY_UILaunchScreen_Generation[sdk=iphonesimulator*]" = YES;
				"INFOPLIST_KEY_UIStatusBarStyle[sdk=iphoneos*]" = UIStatusBarStyleDefault;
				"INFOPLIST_KEY_UIStatusBarStyle[sdk=iphonesimulator*]" = UIStatusBarStyleDefault;
				INFOPLIST_KEY_UISupportedInterfaceOrientations = "UIInterfaceOrientationPortrait UIInterfaceOrientationPortraitUpsideDown";
				INFOPLIST_KEY_UISupportedInterfaceOrientations_iPad = "UIInterfaceOrientationLandscapeLeft UIInterfaceOrientationLandscapeRight UIInterfaceOrientationPortrait UIInterfaceOrientationPortraitUpsideDown";
				IPHONEOS_DEPLOYMENT_TARGET = 18.0;
				LD_RUNPATH_SEARCH_PATHS = "@executable_path/Frameworks";
				"LD_RUNPATH_SEARCH_PATHS[sdk=macosx*]" = "@executable_path/../Frameworks";
				MACOSX_DEPLOYMENT_TARGET = 15.4;
				MARKETING_VERSION = 1.2;
				PRODUCT_BUNDLE_IDENTIFIER = com.joelgrayson.JoelsWordleApp;
				PRODUCT_NAME = "$(TARGET_NAME)";
				REGISTER_APP_GROUPS = YES;
				SDKROOT = auto;
				SUPPORTED_PLATFORMS = "iphoneos iphonesimulator";
				SUPPORTS_MACCATALYST = NO;
				SUPPORTS_MAC_DESIGNED_FOR_IPHONE_IPAD = YES;
				SWIFT_EMIT_LOC_STRINGS = YES;
				SWIFT_VERSION = 5.0;
				TARGETED_DEVICE_FAMILY = "1,2";
				XROS_DEPLOYMENT_TARGET = 2.4;
			};
			name = Debug;
		};
		38451A122DBEC4CA0097A60C /* Release */ = {
			isa = XCBuildConfiguration;
			buildSettings = {
				ASSETCATALOG_COMPILER_APPICON_NAME = AppIcon;
				ASSETCATALOG_COMPILER_GLOBAL_ACCENT_COLOR_NAME = AccentColor;
				CODE_SIGN_ENTITLEMENTS = Worderoo/Worderoo.entitlements;
				CODE_SIGN_STYLE = Automatic;
				CURRENT_PROJECT_VERSION = 7;
				DEAD_CODE_STRIPPING = YES;
				DEVELOPMENT_TEAM = GL5565HTUX;
				ENABLE_HARDENED_RUNTIME = YES;
				ENABLE_PREVIEWS = YES;
				GENERATE_INFOPLIST_FILE = YES;
				INFOPLIST_FILE = Worderoo/Info.plist;
				INFOPLIST_KEY_CFBundleDisplayName = Worderoo;
				INFOPLIST_KEY_ITSAppUsesNonExemptEncryption = NO;
				INFOPLIST_KEY_LSApplicationCategoryType = "public.app-category.word-games";
				"INFOPLIST_KEY_UIApplicationSceneManifest_Generation[sdk=iphoneos*]" = YES;
				"INFOPLIST_KEY_UIApplicationSceneManifest_Generation[sdk=iphonesimulator*]" = YES;
				"INFOPLIST_KEY_UIApplicationSupportsIndirectInputEvents[sdk=iphoneos*]" = YES;
				"INFOPLIST_KEY_UIApplicationSupportsIndirectInputEvents[sdk=iphonesimulator*]" = YES;
				"INFOPLIST_KEY_UILaunchScreen_Generation[sdk=iphoneos*]" = YES;
				"INFOPLIST_KEY_UILaunchScreen_Generation[sdk=iphonesimulator*]" = YES;
				"INFOPLIST_KEY_UIStatusBarStyle[sdk=iphoneos*]" = UIStatusBarStyleDefault;
				"INFOPLIST_KEY_UIStatusBarStyle[sdk=iphonesimulator*]" = UIStatusBarStyleDefault;
				INFOPLIST_KEY_UISupportedInterfaceOrientations = "UIInterfaceOrientationPortrait UIInterfaceOrientationPortraitUpsideDown";
				INFOPLIST_KEY_UISupportedInterfaceOrientations_iPad = "UIInterfaceOrientationLandscapeLeft UIInterfaceOrientationLandscapeRight UIInterfaceOrientationPortrait UIInterfaceOrientationPortraitUpsideDown";
				IPHONEOS_DEPLOYMENT_TARGET = 18.0;
				LD_RUNPATH_SEARCH_PATHS = "@executable_path/Frameworks";
				"LD_RUNPATH_SEARCH_PATHS[sdk=macosx*]" = "@executable_path/../Frameworks";
				MACOSX_DEPLOYMENT_TARGET = 15.4;
				MARKETING_VERSION = 1.2;
				PRODUCT_BUNDLE_IDENTIFIER = com.joelgrayson.JoelsWordleApp;
				PRODUCT_NAME = "$(TARGET_NAME)";
				REGISTER_APP_GROUPS = YES;
				SDKROOT = auto;
				SUPPORTED_PLATFORMS = "iphoneos iphonesimulator";
				SUPPORTS_MACCATALYST = NO;
				SUPPORTS_MAC_DESIGNED_FOR_IPHONE_IPAD = YES;
				SWIFT_EMIT_LOC_STRINGS = YES;
				SWIFT_VERSION = 5.0;
				TARGETED_DEVICE_FAMILY = "1,2";
				XROS_DEPLOYMENT_TARGET = 2.4;
			};
			name = Release;
		};
/* End XCBuildConfiguration section */

/* Begin XCConfigurationList section */
		384519FF2DBEC4C80097A60C /* Build configuration list for PBXProject "Worderoo" */ = {
			isa = XCConfigurationList;
			buildConfigurations = (
				38451A0E2DBEC4CA0097A60C /* Debug */,
				38451A0F2DBEC4CA0097A60C /* Release */,
			);
			defaultConfigurationIsVisible = 0;
			defaultConfigurationName = Release;
		};
		38451A102DBEC4CA0097A60C /* Build configuration list for PBXNativeTarget "Worderoo" */ = {
			isa = XCConfigurationList;
			buildConfigurations = (
				38451A112DBEC4CA0097A60C /* Debug */,
				38451A122DBEC4CA0097A60C /* Release */,
			);
			defaultConfigurationIsVisible = 0;
			defaultConfigurationName = Release;
		};
/* End XCConfigurationList section */
	};
	rootObject = 384519FC2DBEC4C80097A60C /* Project object */;
}
